Microsoft Visual Studio Solution File, Format Version 12.00
# Visual Studio Version 17
VisualStudioVersion = 17.5.2.0
MinimumVisualStudioVersion = 10.0.40219.1
Project("{FAE04EC0-301F-11D3-BF4B-00C04F79EFBC}") = "DowntimeTracker", "DowntimeTracker.csproj", "{C06C7536-6887-36F3-FBC2-91150276596E}"
EndProject
Global
	GlobalSection(SolutionConfigurationPlatforms) = preSolution
		Debug|Any CPU = Debug|Any CPU
		Release|Any CPU = Release|Any CPU
	EndGlobalSection
	GlobalSection(ProjectConfigurationPlatforms) = postSolution
		{C06C7536-6887-36F3-FBC2-91150276596E}.Debug|Any CPU.ActiveCfg = Debug|Any CPU
		{C06C7536-6887-36F3-FBC2-91150276596E}.Debug|Any CPU.Build.0 = Debug|Any CPU
		{C06C7536-6887-36F3-FBC2-91150276596E}.Release|Any CPU.ActiveCfg = Release|Any CPU
		{C06C7536-6887-36F3-FBC2-91150276596E}.Release|Any CPU.Build.0 = Release|Any CPU
	EndGlobalSection
	GlobalSection(SolutionProperties) = preSolution
		HideSolutionNode = FALSE
	EndGlobalSection
	GlobalSection(ExtensibilityGlobals) = postSolution
		SolutionGuid = {2F767C5A-B32B-48C9-8C25-A3ACE690FD9B}
	EndGlobalSection
EndGlobal
